// !$*UTF8*$!
{
	archiveVersion = 1;
	classes = {
	};
	objectVersion = 46;
	objects = {

/* Begin PBXBuildFile section */
		41393AB51AE2CD4F00031E1F /* main.m in Sources */ = {isa = PBXBuildFile; fileRef = 41393AB41AE2CD4F00031E1F /* main.m */; };
		41393AB81AE2CD4F00031E1F /* AppDelegate.m in Sources */ = {isa = PBXBuildFile; fileRef = 41393AB71AE2CD4F00031E1F /* AppDelegate.m */; };
		41393ABB1AE2CD4F00031E1F /* Lapz.xcdatamodeld in Sources */ = {isa = PBXBuildFile; fileRef = 41393AB91AE2CD4F00031E1F /* Lapz.xcdatamodeld */; };
		41393ABE1AE2CD4F00031E1F /* ViewController.m in Sources */ = {isa = PBXBuildFile; fileRef = 41393ABD1AE2CD4F00031E1F /* ViewController.m */; };
		41393AC11AE2CD4F00031E1F /* Main.storyboard in Resources */ = {isa = PBXBuildFile; fileRef = 41393ABF1AE2CD4F00031E1F /* Main.storyboard */; };
		41393AC31AE2CD4F00031E1F /* Images.xcassets in Resources */ = {isa = PBXBuildFile; fileRef = 41393AC21AE2CD4F00031E1F /* Images.xcassets */; };
		41393AC61AE2CD4F00031E1F /* LaunchScreen.xib in Resources */ = {isa = PBXBuildFile; fileRef = 41393AC41AE2CD4F00031E1F /* LaunchScreen.xib */; };
		41393AD21AE2CD5000031E1F /* LapzTests.m in Sources */ = {isa = PBXBuildFile; fileRef = 41393AD11AE2CD5000031E1F /* LapzTests.m */; };
/* End PBXBuildFile section */

/* Begin PBXContainerItemProxy section */
		41393ACC1AE2CD5000031E1F /* PBXContainerItemProxy */ = {
			isa = PBXContainerItemProxy;
			containerPortal = 41393AA71AE2CD4F00031E1F /* Project object */;
			proxyType = 1;
			remoteGlobalIDString = 41393AAE1AE2CD4F00031E1F;
			remoteInfo = Lapz;
		};
/* End PBXContainerItemProxy section */

/* Begin PBXFileReference section */
		41393AAF1AE2CD4F00031E1F /* Lapz.app */ = {isa = PBXFileReference; explicitFileType = wrapper.application; includeInIndex = 0; path = Lapz.app; sourceTree = BUILT_PRODUCTS_DIR; };
		41393AB31AE2CD4F00031E1F /* Info.plist */ = {isa = PBXFileReference; lastKnownFileType = text.plist.xml; path = Info.plist; sourceTree = "<group>"; };
		41393AB41AE2CD4F00031E1F /* main.m */ = {isa = PBXFileReference; lastKnownFileType = sourcecode.c.objc; path = main.m; sourceTree = "<group>"; };
		41393AB61AE2CD4F00031E1F /* AppDelegate.h */ = {isa = PBXFileReference; lastKnownFileType = sourcecode.c.h; path = AppDelegate.h; sourceTree = "<group>"; };
		41393AB71AE2CD4F00031E1F /* AppDelegate.m */ = {isa = PBXFileReference; lastKnownFileType = sourcecode.c.objc; path = AppDelegate.m; sourceTree = "<group>"; };
		41393ABA1AE2CD4F00031E1F /* Lapz.xcdatamodel */ = {isa = PBXFileReference; lastKnownFileType = wrapper.xcdatamodel; path = Lapz.xcdatamodel; sourceTree = "<group>"; };
		41393ABC1AE2CD4F00031E1F /* ViewController.h */ = {isa = PBXFileReference; lastKnownFileType = sourcecode.c.h; path = ViewController.h; sourceTree = "<group>"; };
		41393ABD1AE2CD4F00031E1F /* ViewController.m */ = {isa = PBXFileReference; lastKnownFileType = sourcecode.c.objc; path = ViewController.m; sourceTree = "<group>"; };
		41393AC01AE2CD4F00031E1F /* Base */ = {isa = PBXFileReference; lastKnownFileType = file.storyboard; name = Base; path = Base.lproj/Main.storyboard; sourceTree = "<group>"; };
		41393AC21AE2CD4F00031E1F /* Images.xcassets */ = {isa = PBXFileReference; lastKnownFileType = folder.assetcatalog; path = Images.xcassets; sourceTree = "<group>"; };
		41393AC51AE2CD4F00031E1F /* Base */ = {isa = PBXFileReference; lastKnownFileType = file.xib; name = Base; path = Base.lproj/LaunchScreen.xib; sourceTree = "<group>"; };
		41393ACB1AE2CD5000031E1F /* LapzTests.xctest */ = {isa = PBXFileReference; explicitFileType = wrapper.cfbundle; includeInIndex = 0; path = LapzTests.xctest; sourceTree = BUILT_PRODUCTS_DIR; };
		41393AD01AE2CD5000031E1F /* Info.plist */ = {isa = PBXFileReference; lastKnownFileType = text.plist.xml; path = Info.plist; sourceTree = "<group>"; };
		41393AD11AE2CD5000031E1F /* LapzTests.m */ = {isa = PBXFileReference; lastKnownFileType = sourcecode.c.objc; path = LapzTests.m; sourceTree = "<group>"; };
/* End PBXFileReference section */

/* Begin PBXFrameworksBuildPhase section */
		41393AAC1AE2CD4F00031E1F /* Frameworks */ = {
			isa = PBXFrameworksBuildPhase;
			buildActionMask = 2147483647;
			files = (
			);
			runOnlyForDeploymentPostprocessing = 0;
		};
		41393AC81AE2CD5000031E1F /* Frameworks */ = {
			isa = PBXFrameworksBuildPhase;
			buildActionMask = 2147483647;
			files = (
			);
			runOnlyForDeploymentPostprocessing = 0;
		};
/* End PBXFrameworksBuildPhase section */

/* Begin PBXGroup section */
		41393AA61AE2CD4F00031E1F = {
			isa = PBXGroup;
			children = (
				41393AB11AE2CD4F00031E1F /* Lapz */,
				41393ACE1AE2CD5000031E1F /* LapzTests */,
				41393AB01AE2CD4F00031E1F /* Products */,
			);
			sourceTree = "<group>";
		};
		41393AB01AE2CD4F00031E1F /* Products */ = {
			isa = PBXGroup;
			children = (
				41393AAF1AE2CD4F00031E1F /* Lapz.app */,
				41393ACB1AE2CD5000031E1F /* LapzTests.xctest */,
			);
			name = Products;
			sourceTree = "<group>";
		};
		41393AB11AE2CD4F00031E1F /* Lapz */ = {
			isa = PBXGroup;
			children = (
				41393AB61AE2CD4F00031E1F /* AppDelegate.h */,
				41393AB71AE2CD4F00031E1F /* AppDelegate.m */,
				41393ABC1AE2CD4F00031E1F /* ViewController.h */,
				41393ABD1AE2CD4F00031E1F /* ViewController.m */,
				41393ABF1AE2CD4F00031E1F /* Main.storyboard */,
				41393AC21AE2CD4F00031E1F /* Images.xcassets */,
				41393AC41AE2CD4F00031E1F /* LaunchScreen.xib */,
				41393AB91AE2CD4F00031E1F /* Lapz.xcdatamodeld */,
				41393AB21AE2CD4F00031E1F /* Supporting Files */,
			);
			path = Lapz;
			sourceTree = "<group>";
		};
		41393AB21AE2CD4F00031E1F /* Supporting Files */ = {
			isa = PBXGroup;
			children = (
				41393AB31AE2CD4F00031E1F /* Info.plist */,
				41393AB41AE2CD4F00031E1F /* main.m */,
			);
			name = "Supporting Files";
			sourceTree = "<group>";
		};
		41393ACE1AE2CD5000031E1F /* LapzTests */ = {
			isa = PBXGroup;
			children = (
				41393AD11AE2CD5000031E1F /* LapzTests.m */,
				41393ACF1AE2CD5000031E1F /* Supporting Files */,
			);
			path = LapzTests;
			sourceTree = "<group>";
		};
		41393ACF1AE2CD5000031E1F /* Supporting Files */ = {
			isa = PBXGroup;
			children = (
				41393AD01AE2CD5000031E1F /* Info.plist */,
			);
			name = "Supporting Files";
			sourceTree = "<group>";
		};
/* End PBXGroup section */

/* Begin PBXNativeTarget section */
		41393AAE1AE2CD4F00031E1F /* Lapz */ = {
			isa = PBXNativeTarget;
			buildConfigurationList = 41393AD51AE2CD5000031E1F /* Build configuration list for PBXNativeTarget "Lapz" */;
			buildPhases = (
				41393AAB1AE2CD4F00031E1F /* Sources */,
				41393AAC1AE2CD4F00031E1F /* Frameworks */,
				41393AAD1AE2CD4F00031E1F /* Resources */,
			);
			buildRules = (
			);
			dependencies = (
			);
			name = Lapz;
			productName = Lapz;
			productReference = 41393AAF1AE2CD4F00031E1F /* Lapz.app */;
			productType = "com.apple.product-type.application";
		};
		41393ACA1AE2CD5000031E1F /* LapzTests */ = {
			isa = PBXNativeTarget;
			buildConfigurationList = 41393AD81AE2CD5000031E1F /* Build configuration list for PBXNativeTarget "LapzTests" */;
			buildPhases = (
				41393AC71AE2CD5000031E1F /* Sources */,
				41393AC81AE2CD5000031E1F /* Frameworks */,
				41393AC91AE2CD5000031E1F /* Resources */,
			);
			buildRules = (
			);
			dependencies = (
				41393ACD1AE2CD5000031E1F /* PBXTargetDependency */,
			);
			name = LapzTests;
			productName = LapzTests;
			productReference = 41393ACB1AE2CD5000031E1F /* LapzTests.xctest */;
			productType = "com.apple.product-type.bundle.unit-test";
		};
/* End PBXNativeTarget section */

/* Begin PBXProject section */
		41393AA71AE2CD4F00031E1F /* Project object */ = {
			isa = PBXProject;
			attributes = {
				LastUpgradeCheck = 0630;
				ORGANIZATIONNAME = "Tommy Inouye";
				TargetAttributes = {
					41393AAE1AE2CD4F00031E1F = {
						CreatedOnToolsVersion = 6.3;
					};
					41393ACA1AE2CD5000031E1F = {
						CreatedOnToolsVersion = 6.3;
						TestTargetID = 41393AAE1AE2CD4F00031E1F;
					};
				};
			};
			buildConfigurationList = 41393AAA1AE2CD4F00031E1F /* Build configuration list for PBXProject "Lapz" */;
			compatibilityVersion = "Xcode 3.2";
			developmentRegion = English;
			hasScannedForEncodings = 0;
			knownRegions = (
				en,
				Base,
			);
			mainGroup = 41393AA61AE2CD4F00031E1F;
			productRefGroup = 41393AB01AE2CD4F00031E1F /* Products */;
			projectDirPath = "";
			projectRoot = "";
			targets = (
				41393AAE1AE2CD4F00031E1F /* Lapz */,
				41393ACA1AE2CD5000031E1F /* LapzTests */,
			);
		};
/* End PBXProject section */

/* Begin PBXResourcesBuildPhase section */
		41393AAD1AE2CD4F00031E1F /* Resources */ = {
			isa = PBXResourcesBuildPhase;
			buildActionMask = 2147483647;
			files = (
				41393AC11AE2CD4F00031E1F /* Main.storyboard in Resources */,
				41393AC61AE2CD4F00031E1F /* LaunchScreen.xib in Resources */,
				41393AC31AE2CD4F00031E1F /* Images.xcassets in Resources */,
			);
			runOnlyForDeploymentPostprocessing = 0;
		};
		41393AC91AE2CD5000031E1F /* Resources */ = {
			isa = PBXResourcesBuildPhase;
			buildActionMask = 2147483647;
			files = (
			);
			runOnlyForDeploymentPostprocessing = 0;
		};
/* End PBXResourcesBuildPhase section */

/* Begin PBXSourcesBuildPhase section */
		41393AAB1AE2CD4F00031E1F /* Sources */ = {
			isa = PBXSourcesBuildPhase;
			buildActionMask = 2147483647;
			files = (
				41393ABB1AE2CD4F00031E1F /* Lapz.xcdatamodeld in Sources */,
				41393AB81AE2CD4F00031E1F /* AppDelegate.m in Sources */,
				41393ABE1AE2CD4F00031E1F /* ViewController.m in Sources */,
				41393AB51AE2CD4F00031E1F /* main.m in Sources */,
			);
			runOnlyForDeploymentPostprocessing = 0;
		};
		41393AC71AE2CD5000031E1F /* Sources */ = {
			isa = PBXSourcesBuildPhase;
			buildActionMask = 2147483647;
			files = (
				41393AD21AE2CD5000031E1F /* LapzTests.m in Sources */,
			);
			runOnlyForDeploymentPostprocessing = 0;
		};
/* End PBXSourcesBuildPhase section */

/* Begin PBXTargetDependency section */
		41393ACD1AE2CD5000031E1F /* PBXTargetDependency */ = {
			isa = PBXTargetDependency;
			target = 41393AAE1AE2CD4F00031E1F /* Lapz */;
			targetProxy = 41393ACC1AE2CD5000031E1F /* PBXContainerItemProxy */;
		};
/* End PBXTargetDependency section */

/* Begin PBXVariantGroup section */
		41393ABF1AE2CD4F00031E1F /* Main.storyboard */ = {
			isa = PBXVariantGroup;
			children = (
				41393AC01AE2CD4F00031E1F /* Base */,
			);
			name = Main.storyboard;
			sourceTree = "<group>";
		};
		41393AC41AE2CD4F00031E1F /* LaunchScreen.xib */ = {
			isa = PBXVariantGroup;
			children = (
				41393AC51AE2CD4F00031E1F /* Base */,
			);
			name = LaunchScreen.xib;
			sourceTree = "<group>";
		};
/* End PBXVariantGroup section */

/* Begin XCBuildConfiguration section */
		41393AD31AE2CD5000031E1F /* Debug */ = {
			isa = XCBuildConfiguration;
			buildSettings = {
				ALWAYS_SEARCH_USER_PATHS = NO;
				CLANG_CXX_LANGUAGE_STANDARD = "gnu++0x";
				CLANG_CXX_LIBRARY = "libc++";
				CLANG_ENABLE_MODULES = YES;
				CLANG_ENABLE_OBJC_ARC = YES;
				CLANG_WARN_BOOL_CONVERSION = YES;
				CLANG_WARN_CONSTANT_CONVERSION = YES;
				CLANG_WARN_DIRECT_OBJC_ISA_USAGE = YES_ERROR;
				CLANG_WARN_EMPTY_BODY = YES;
				CLANG_WARN_ENUM_CONVERSION = YES;
				CLANG_WARN_INT_CONVERSION = YES;
				CLANG_WARN_OBJC_ROOT_CLASS = YES_ERROR;
				CLANG_WARN_UNREACHABLE_CODE = YES;
				CLANG_WARN__DUPLICATE_METHOD_MATCH = YES;
				"CODE_SIGN_IDENTITY[sdk=iphoneos*]" = "iPhone Developer";
				COPY_PHASE_STRIP = NO;
				DEBUG_INFORMATION_FORMAT = "dwarf-with-dsym";
				ENABLE_STRICT_OBJC_MSGSEND = YES;
				GCC_C_LANGUAGE_STANDARD = gnu99;
				GCC_DYNAMIC_NO_PIC = NO;
				GCC_NO_COMMON_BLOCKS = YES;
				GCC_OPTIMIZATION_LEVEL = 0;
				GCC_PREPROCESSOR_DEFINITIONS = (
					"DEBUG=1",
					"$(inherited)",
				);
				GCC_SYMBOLS_PRIVATE_EXTERN = NO;
				GCC_WARN_64_TO_32_BIT_CONVERSION = YES;
				GCC_WARN_ABOUT_RETURN_TYPE = YES_ERROR;
				GCC_WARN_UNDECLARED_SELECTOR = YES;
				GCC_WARN_UNINITIALIZED_AUTOS = YES_AGGRESSIVE;
				GCC_WARN_UNUSED_FUNCTION = YES;
				GCC_WARN_UNUSED_VARIABLE = YES;
				IPHONEOS_DEPLOYMENT_TARGET = 8.3;
				MTL_ENABLE_DEBUG_INFO = YES;
				ONLY_ACTIVE_ARCH = YES;
				SDKROOT = iphoneos;
			};
			name = Debug;
		};
		41393AD41AE2CD5000031E1F /* Release */ = {
			isa = XCBuildConfiguration;
			buildSettings = {
				ALWAYS_SEARCH_USER_PATHS = NO;
				CLANG_CXX_LANGUAGE_STANDARD = "gnu++0x";
				CLANG_CXX_LIBRARY = "libc++";
				CLANG_ENABLE_MODULES = YES;
				CLANG_ENABLE_OBJC_ARC = YES;
				CLANG_WARN_BOOL_CONVERSION = YES;
				CLANG_WARN_CONSTANT_CONVERSION = YES;
				CLANG_WARN_DIRECT_OBJC_ISA_USAGE = YES_ERROR;
				CLANG_WARN_EMPTY_BODY = YES;
				CLANG_WARN_ENUM_CONVERSION = YES;
				CLANG_WARN_INT_CONVERSION = YES;
				CLANG_WARN_OBJC_ROOT_CLASS = YES_ERROR;
				CLANG_WARN_UNREACHABLE_CODE = YES;
				CLANG_WARN__DUPLICATE_METHOD_MATCH = YES;
				"CODE_SIGN_IDENTITY[sdk=iphoneos*]" = "iPhone Developer";
				COPY_PHASE_STRIP = NO;
				DEBUG_INFORMATION_FORMAT = "dwarf-with-dsym";
				ENABLE_NS_ASSERTIONS = NO;
				ENABLE_STRICT_OBJC_MSGSEND = YES;
				GCC_C_LANGUAGE_STANDARD = gnu99;
				GCC_NO_COMMON_BLOCKS = YES;
				GCC_WARN_64_TO_32_BIT_CONVERSION = YES;
				GCC_WARN_ABOUT_RETURN_TYPE = YES_ERROR;
				GCC_WARN_UNDECLARED_SELECTOR = YES;
				GCC_WARN_UNINITIALIZED_AUTOS = YES_AGGRESSIVE;
				GCC_WARN_UNUSED_FUNCTION = YES;
				GCC_WARN_UNUSED_VARIABLE = YES;
				IPHONEOS_DEPLOYMENT_TARGET = 8.3;
				MTL_ENABLE_DEBUG_INFO = NO;
				SDKROOT = iphoneos;
				VALIDATE_PRODUCT = YES;
			};
			name = Release;
		};
		41393AD61AE2CD5000031E1F /* Debug */ = {
			isa = XCBuildConfiguration;
			buildSettings = {
				ASSETCATALOG_COMPILER_APPICON_NAME = AppIcon;
				INFOPLIST_FILE = Lapz/Info.plist;
				LD_RUNPATH_SEARCH_PATHS = "$(inherited) @executable_path/Frameworks";
				PRODUCT_NAME = "$(TARGET_NAME)";
			};
			name = Debug;
		};
		41393AD71AE2CD5000031E1F /* Release */ = {
			isa = XCBuildConfiguration;
			buildSettings = {
				ASSETCATALOG_COMPILER_APPICON_NAME = AppIcon;
				INFOPLIST_FILE = Lapz/Info.plist;
				LD_RUNPATH_SEARCH_PATHS = "$(inherited) @executable_path/Frameworks";
				PRODUCT_NAME = "$(TARGET_NAME)";
			};
			name = Release;
		};
		41393AD91AE2CD5000031E1F /* Debug */ = {
			isa = XCBuildConfiguration;
			buildSettings = {
				BUNDLE_LOADER = "$(TEST_HOST)";
				FRAMEWORK_SEARCH_PATHS = (
					"$(SDKROOT)/Developer/Library/Frameworks",
					"$(inherited)",
				);
				GCC_PREPROCESSOR_DEFINITIONS = (
					"DEBUG=1",
					"$(inherited)",
				);
				INFOPLIST_FILE = LapzTests/Info.plist;
				LD_RUNPATH_SEARCH_PATHS = "$(inherited) @executable_path/Frameworks @loader_path/Frameworks";
				PRODUCT_NAME = "$(TARGET_NAME)";
				TEST_HOST = "$(BUILT_PRODUCTS_DIR)/Lapz.app/Lapz";
			};
			name = Debug;
		};
		41393ADA1AE2CD5000031E1F /* Release */ = {
			isa = XCBuildConfiguration;
			buildSettings = {
				BUNDLE_LOADER = "$(TEST_HOST)";
				FRAMEWORK_SEARCH_PATHS = (
					"$(SDKROOT)/Developer/Library/Frameworks",
					"$(inherited)",
				);
				INFOPLIST_FILE = LapzTests/Info.plist;
				LD_RUNPATH_SEARCH_PATHS = "$(inherited) @executable_path/Frameworks @loader_path/Frameworks";
				PRODUCT_NAME = "$(TARGET_NAME)";
				TEST_HOST = "$(BUILT_PRODUCTS_DIR)/Lapz.app/Lapz";
			};
			name = Release;
		};
/* End XCBuildConfiguration section */

/* Begin XCConfigurationList section */
		41393AAA1AE2CD4F00031E1F /* Build configuration list for PBXProject "Lapz" */ = {
			isa = XCConfigurationList;
			buildConfigurations = (
				41393AD31AE2CD5000031E1F /* Debug */,
				41393AD41AE2CD5000031E1F /* Release */,
			);
			defaultConfigurationIsVisible = 0;
			defaultConfigurationName = Release;
		};
		41393AD51AE2CD5000031E1F /* Build configuration list for PBXNativeTarget "Lapz" */ = {
			isa = XCConfigurationList;
			buildConfigurations = (
				41393AD61AE2CD5000031E1F /* Debug */,
				41393AD71AE2CD5000031E1F /* Release */,
			);
			defaultConfigurationIsVisible = 0;
		};
		41393AD81AE2CD5000031E1F /* Build configuration list for PBXNativeTarget "LapzTests" */ = {
			isa = XCConfigurationList;
			buildConfigurations = (
				41393AD91AE2CD5000031E1F /* Debug */,
				41393ADA1AE2CD5000031E1F /* Release */,
			);
			defaultConfigurationIsVisible = 0;
		};
/* End XCConfigurationList section */

/* Begin XCVersionGroup section */
		41393AB91AE2CD4F00031E1F /* Lapz.xcdatamodeld */ = {
			isa = XCVersionGroup;
			children = (
				41393ABA1AE2CD4F00031E1F /* Lapz.xcdatamodel */,
			);
			currentVersion = 41393ABA1AE2CD4F00031E1F /* Lapz.xcdatamodel */;
			path = Lapz.xcdatamodeld;
			sourceTree = "<group>";
			versionGroupType = wrapper.xcdatamodel;
		};
/* End XCVersionGroup section */
	};
	rootObject = 41393AA71AE2CD4F00031E1F /* Project object */;
}
